// !$*UTF8*$!
{
	archiveVersion = 1;
	classes = {
	};
	objectVersion = 77;
	objects = {

/* Begin PBXBuildFile section */
		C6458E232E1CE42400B35B82 /* FirebaseAuth in Frameworks */ = {isa = PBXBuildFile; productRef = C6458E222E1CE42400B35B82 /* FirebaseAuth */; };
		C6458E252E1CE42400B35B82 /* FirebaseCore in Frameworks */ = {isa = PBXBuildFile; productRef = C6458E242E1CE42400B35B82 /* FirebaseCore */; };
		C6458E272E1CE42400B35B82 /* FirebaseDatabase in Frameworks */ = {isa = PBXBuildFile; productRef = C6458E262E1CE42400B35B82 /* FirebaseDatabase */; };
		C6458E292E1CE42400B35B82 /* FirebaseFirestore in Frameworks */ = {isa = PBXBuildFile; productRef = C6458E282E1CE42400B35B82 /* FirebaseFirestore */; };
		C6458E2B2E1CE42400B35B82 /* FirebaseStorage in Frameworks */ = {isa = PBXBuildFile; productRef = C6458E2A2E1CE42400B35B82 /* FirebaseStorage */; };
		C6E849F52E1E523F005118AB /* KavishSynop.pdf in Resources */ = {isa = PBXBuildFile; fileRef = C6E849F42E1E523F005118AB /* KavishSynop.pdf */; };
/* End PBXBuildFile section */

/* Begin PBXFileReference section */
		C668A94E2E1BBD2800E230C5 /* Conversa.app */ = {isa = PBXFileReference; explicitFileType = wrapper.application; includeInIndex = 0; path = Conversa.app; sourceTree = BUILT_PRODUCTS_DIR; };
		C6E847DF2E1E16D6005118AB /* animator.xcodeproj */ = {isa = PBXFileReference; lastKnownFileType = "wrapper.pb-project"; path = animator.xcodeproj; sourceTree = "<group>"; };
		C6E847EA2E1E16D6005118AB /* Chatora.xcodeproj */ = {isa = PBXFileReference; lastKnownFileType = "wrapper.pb-project"; path = Chatora.xcodeproj; sourceTree = "<group>"; };
		C6E847F42E1E16D6005118AB /* chatori.xcodeproj */ = {isa = PBXFileReference; lastKnownFileType = "wrapper.pb-project"; path = chatori.xcodeproj; sourceTree = "<group>"; };
		C6E848022E1E16D6005118AB /* Doctor.xcodeproj */ = {isa = PBXFileReference; lastKnownFileType = "wrapper.pb-project"; path = Doctor.xcodeproj; sourceTree = "<group>"; };
		C6E848162E1E16D6005118AB /* Dorondo.xcodeproj */ = {isa = PBXFileReference; lastKnownFileType = "wrapper.pb-project"; path = Dorondo.xcodeproj; sourceTree = "<group>"; };
		C6E8483A2E1E16D6005118AB /* Gram.xcodeproj */ = {isa = PBXFileReference; lastKnownFileType = "wrapper.pb-project"; path = Gram.xcodeproj; sourceTree = "<group>"; };
		C6E848452E1E16D6005118AB /* SixCodes.xcodeproj */ = {isa = PBXFileReference; lastKnownFileType = "wrapper.pb-project"; path = SixCodes.xcodeproj; sourceTree = "<group>"; };
		C6E848512E1E16D6005118AB /* supabasnew.xcodeproj */ = {isa = PBXFileReference; lastKnownFileType = "wrapper.pb-project"; path = supabasnew.xcodeproj; sourceTree = "<group>"; };
		C6E849F42E1E523F005118AB /* KavishSynop.pdf */ = {isa = PBXFileReference; lastKnownFileType = image.pdf; path = KavishSynop.pdf; sourceTree = "<group>"; };
/* End PBXFileReference section */

/* Begin PBXFileSystemSynchronizedRootGroup section */
		C668A9502E1BBD2800E230C5 /* Conversa */ = {
			isa = PBXFileSystemSynchronizedRootGroup;
			path = Conversa;
			sourceTree = "<group>";
		};
/* End PBXFileSystemSynchronizedRootGroup section */

/* Begin PBXFrameworksBuildPhase section */
		C668A94B2E1BBD2800E230C5 /* Frameworks */ = {
			isa = PBXFrameworksBuildPhase;
			buildActionMask = 2147483647;
			files = (
				C6458E272E1CE42400B35B82 /* FirebaseDatabase in Frameworks */,
				C6458E292E1CE42400B35B82 /* FirebaseFirestore in Frameworks */,
				C6458E252E1CE42400B35B82 /* FirebaseCore in Frameworks */,
				C6458E2B2E1CE42400B35B82 /* FirebaseStorage in Frameworks */,
				C6458E232E1CE42400B35B82 /* FirebaseAuth in Frameworks */,
			);
			runOnlyForDeploymentPostprocessing = 0;
		};
/* End PBXFrameworksBuildPhase section */

/* Begin PBXGroup section */
		C668A9452E1BBD2800E230C5 = {
			isa = PBXGroup;
			children = (
				C6E849F42E1E523F005118AB /* KavishSynop.pdf */,
				C668A9502E1BBD2800E230C5 /* Conversa */,
				C668A94F2E1BBD2800E230C5 /* Products */,
			);
			sourceTree = "<group>";
		};
		C668A94F2E1BBD2800E230C5 /* Products */ = {
			isa = PBXGroup;
			children = (
				C668A94E2E1BBD2800E230C5 /* Conversa.app */,
			);
			name = Products;
			sourceTree = "<group>";
		};
		C6E848542E1E16D6005118AB /* Products */ = {
			isa = PBXGroup;
			children = (
			);
			name = Products;
			sourceTree = "<group>";
		};
		C6E848562E1E16D6005118AB /* Products */ = {
			isa = PBXGroup;
			children = (
			);
			name = Products;
			sourceTree = "<group>";
		};
		C6E848582E1E16D6005118AB /* Products */ = {
			isa = PBXGroup;
			children = (
			);
			name = Products;
			sourceTree = "<group>";
		};
		C6E8485A2E1E16D6005118AB /* Products */ = {
			isa = PBXGroup;
			children = (
			);
			name = Products;
			sourceTree = "<group>";
		};
		C6E8485C2E1E16D6005118AB /* Products */ = {
			isa = PBXGroup;
			children = (
			);
			name = Products;
			sourceTree = "<group>";
		};
		C6E8485E2E1E16D6005118AB /* Products */ = {
			isa = PBXGroup;
			children = (
			);
			name = Products;
			sourceTree = "<group>";
		};
		C6E848602E1E16D6005118AB /* Products */ = {
			isa = PBXGroup;
			children = (
			);
			name = Products;
			sourceTree = "<group>";
		};
		C6E848622E1E16D6005118AB /* Products */ = {
			isa = PBXGroup;
			children = (
			);
			name = Products;
			sourceTree = "<group>";
		};
/* End PBXGroup section */

/* Begin PBXNativeTarget section */
		C668A94D2E1BBD2800E230C5 /* Conversa */ = {
			isa = PBXNativeTarget;
			buildConfigurationList = C668A95C2E1BBD2C00E230C5 /* Build configuration list for PBXNativeTarget "Conversa" */;
			buildPhases = (
				C668A94A2E1BBD2800E230C5 /* Sources */,
				C668A94B2E1BBD2800E230C5 /* Frameworks */,
				C668A94C2E1BBD2800E230C5 /* Resources */,
			);
			buildRules = (
			);
			dependencies = (
			);
			fileSystemSynchronizedGroups = (
				C668A9502E1BBD2800E230C5 /* Conversa */,
			);
			name = Conversa;
			packageProductDependencies = (
				C6458E222E1CE42400B35B82 /* FirebaseAuth */,
				C6458E242E1CE42400B35B82 /* FirebaseCore */,
				C6458E262E1CE42400B35B82 /* FirebaseDatabase */,
				C6458E282E1CE42400B35B82 /* FirebaseFirestore */,
				C6458E2A2E1CE42400B35B82 /* FirebaseStorage */,
			);
			productName = Chatora;
			productReference = C668A94E2E1BBD2800E230C5 /* Conversa.app */;
			productType = "com.apple.product-type.application";
		};
/* End PBXNativeTarget section */

/* Begin PBXProject section */
		C668A9462E1BBD2800E230C5 /* Project object */ = {
			isa = PBXProject;
			attributes = {
				BuildIndependentTargetsInParallel = 1;
				LastSwiftUpdateCheck = 1620;
				LastUpgradeCheck = 1620;
				TargetAttributes = {
					C668A94D2E1BBD2800E230C5 = {
						CreatedOnToolsVersion = 16.2;
					};
				};
			};
			buildConfigurationList = C668A9492E1BBD2800E230C5 /* Build configuration list for PBXProject "Conversa" */;
			developmentRegion = en;
			hasScannedForEncodings = 0;
			knownRegions = (
				en,
				Base,
			);
			mainGroup = C668A9452E1BBD2800E230C5;
			minimizedProjectReferenceProxies = 1;
			packageReferences = (
				C6458E212E1CE42400B35B82 /* XCRemoteSwiftPackageReference "firebase-ios-sdk" */,
			);
			preferredProjectObjectVersion = 77;
			productRefGroup = C668A94F2E1BBD2800E230C5 /* Products */;
			projectDirPath = "";
			projectReferences = (
				{
					ProductGroup = C6E848542E1E16D6005118AB /* Products */;
					ProjectRef = C6E847DF2E1E16D6005118AB /* animator.xcodeproj */;
				},
				{
					ProductGroup = C6E8485E2E1E16D6005118AB /* Products */;
					ProjectRef = C6E847EA2E1E16D6005118AB /* Chatora.xcodeproj */;
				},
				{
					ProductGroup = C6E8485C2E1E16D6005118AB /* Products */;
					ProjectRef = C6E847F42E1E16D6005118AB /* chatori.xcodeproj */;
				},
				{
					ProductGroup = C6E848622E1E16D6005118AB /* Products */;
					ProjectRef = C6E848022E1E16D6005118AB /* Doctor.xcodeproj */;
				},
				{
					ProductGroup = C6E8485A2E1E16D6005118AB /* Products */;
					ProjectRef = C6E848162E1E16D6005118AB /* Dorondo.xcodeproj */;
				},
				{
					ProductGroup = C6E848562E1E16D6005118AB /* Products */;
					ProjectRef = C6E8483A2E1E16D6005118AB /* Gram.xcodeproj */;
				},
				{
					ProductGroup = C6E848582E1E16D6005118AB /* Products */;
					ProjectRef = C6E848452E1E16D6005118AB /* SixCodes.xcodeproj */;
				},
				{
					ProductGroup = C6E848602E1E16D6005118AB /* Products */;
					ProjectRef = C6E848512E1E16D6005118AB /* supabasnew.xcodeproj */;
				},
			);
			projectRoot = "";
			targets = (
				C668A94D2E1BBD2800E230C5 /* Conversa */,
			);
		};
/* End PBXProject section */

/* Begin PBXResourcesBuildPhase section */
		C668A94C2E1BBD2800E230C5 /* Resources */ = {
			isa = PBXResourcesBuildPhase;
			buildActionMask = 2147483647;
			files = (
				C6E849F52E1E523F005118AB /* KavishSynop.pdf in Resources */,
			);
			runOnlyForDeploymentPostprocessing = 0;
		};
/* End PBXResourcesBuildPhase section */

/* Begin PBXSourcesBuildPhase section */
		C668A94A2E1BBD2800E230C5 /* Sources */ = {
			isa = PBXSourcesBuildPhase;
			buildActionMask = 2147483647;
			files = (
			);
			runOnlyForDeploymentPostprocessing = 0;
		};
/* End PBXSourcesBuildPhase section */

/* Begin XCBuildConfiguration section */
		C668A95A2E1BBD2C00E230C5 /* Debug */ = {
			isa = XCBuildConfiguration;
			buildSettings = {
				ALWAYS_SEARCH_USER_PATHS = NO;
				ASSETCATALOG_COMPILER_GENERATE_SWIFT_ASSET_SYMBOL_EXTENSIONS = YES;
				CLANG_ANALYZER_NONNULL = YES;
				CLANG_ANALYZER_NUMBER_OBJECT_CONVERSION = YES_AGGRESSIVE;
				CLANG_CXX_LANGUAGE_STANDARD = "gnu++20";
				CLANG_ENABLE_MODULES = YES;
				CLANG_ENABLE_OBJC_ARC = YES;
				CLANG_ENABLE_OBJC_WEAK = YES;
				CLANG_WARN_BLOCK_CAPTURE_AUTORELEASING = YES;
				CLANG_WARN_BOOL_CONVERSION = YES;
				CLANG_WARN_COMMA = YES;
				CLANG_WARN_CONSTANT_CONVERSION = YES;
				CLANG_WARN_DEPRECATED_OBJC_IMPLEMENTATIONS = YES;
				CLANG_WARN_DIRECT_OBJC_ISA_USAGE = YES_ERROR;
				CLANG_WARN_DOCUMENTATION_COMMENTS = YES;
				CLANG_WARN_EMPTY_BODY = YES;
				CLANG_WARN_ENUM_CONVERSION = YES;
				CLANG_WARN_INFINITE_RECURSION = YES;
				CLANG_WARN_INT_CONVERSION = YES;
				CLANG_WARN_NON_LITERAL_NULL_CONVERSION = YES;
				CLANG_WARN_OBJC_IMPLICIT_RETAIN_SELF = YES;
				CLANG_WARN_OBJC_LITERAL_CONVERSION = YES;
				CLANG_WARN_OBJC_ROOT_CLASS = YES_ERROR;
				CLANG_WARN_QUOTED_INCLUDE_IN_FRAMEWORK_HEADER = YES;
				CLANG_WARN_RANGE_LOOP_ANALYSIS = YES;
				CLANG_WARN_STRICT_PROTOTYPES = YES;
				CLANG_WARN_SUSPICIOUS_MOVE = YES;
				CLANG_WARN_UNGUARDED_AVAILABILITY = YES_AGGRESSIVE;
				CLANG_WARN_UNREACHABLE_CODE = YES;
				CLANG_WARN__DUPLICATE_METHOD_MATCH = YES;
				COPY_PHASE_STRIP = NO;
				DEBUG_INFORMATION_FORMAT = dwarf;
				ENABLE_STRICT_OBJC_MSGSEND = YES;
				ENABLE_TESTABILITY = YES;
				ENABLE_USER_SCRIPT_SANDBOXING = YES;
				GCC_C_LANGUAGE_STANDARD = gnu17;
				GCC_DYNAMIC_NO_PIC = NO;
				GCC_NO_COMMON_BLOCKS = YES;
				GCC_OPTIMIZATION_LEVEL = 0;
				GCC_PREPROCESSOR_DEFINITIONS = (
					"DEBUG=1",
					"$(inherited)",
				);
				GCC_WARN_64_TO_32_BIT_CONVERSION = YES;
				GCC_WARN_ABOUT_RETURN_TYPE = YES_ERROR;
				GCC_WARN_UNDECLARED_SELECTOR = YES;
				GCC_WARN_UNINITIALIZED_AUTOS = YES_AGGRESSIVE;
				GCC_WARN_UNUSED_FUNCTION = YES;
				GCC_WARN_UNUSED_VARIABLE = YES;
				IPHONEOS_DEPLOYMENT_TARGET = 18.2;
				LOCALIZATION_PREFERS_STRING_CATALOGS = YES;
				MTL_ENABLE_DEBUG_INFO = INCLUDE_SOURCE;
				MTL_FAST_MATH = YES;
				ONLY_ACTIVE_ARCH = YES;
				SDKROOT = iphoneos;
				SWIFT_ACTIVE_COMPILATION_CONDITIONS = "DEBUG $(inherited)";
				SWIFT_OPTIMIZATION_LEVEL = "-Onone";
			};
			name = Debug;
		};
		C668A95B2E1BBD2C00E230C5 /* Release */ = {
			isa = XCBuildConfiguration;
			buildSettings = {
				ALWAYS_SEARCH_USER_PATHS = NO;
				ASSETCATALOG_COMPILER_GENERATE_SWIFT_ASSET_SYMBOL_EXTENSIONS = YES;
				CLANG_ANALYZER_NONNULL = YES;
				CLANG_ANALYZER_NUMBER_OBJECT_CONVERSION = YES_AGGRESSIVE;
				CLANG_CXX_LANGUAGE_STANDARD = "gnu++20";
				CLANG_ENABLE_MODULES = YES;
				CLANG_ENABLE_OBJC_ARC = YES;
				CLANG_ENABLE_OBJC_WEAK = YES;
				CLANG_WARN_BLOCK_CAPTURE_AUTORELEASING = YES;
				CLANG_WARN_BOOL_CONVERSION = YES;
				CLANG_WARN_COMMA = YES;
				CLANG_WARN_CONSTANT_CONVERSION = YES;
				CLANG_WARN_DEPRECATED_OBJC_IMPLEMENTATIONS = YES;
				CLANG_WARN_DIRECT_OBJC_ISA_USAGE = YES_ERROR;
				CLANG_WARN_DOCUMENTATION_COMMENTS = YES;
				CLANG_WARN_EMPTY_BODY = YES;
				CLANG_WARN_ENUM_CONVERSION = YES;
				CLANG_WARN_INFINITE_RECURSION = YES;
				CLANG_WARN_INT_CONVERSION = YES;
				CLANG_WARN_NON_LITERAL_NULL_CONVERSION = YES;
				CLANG_WARN_OBJC_IMPLICIT_RETAIN_SELF = YES;
				CLANG_WARN_OBJC_LITERAL_CONVERSION = YES;
				CLANG_WARN_OBJC_ROOT_CLASS = YES_ERROR;
				CLANG_WARN_QUOTED_INCLUDE_IN_FRAMEWORK_HEADER = YES;
				CLANG_WARN_RANGE_LOOP_ANALYSIS = YES;
				CLANG_WARN_STRICT_PROTOTYPES = YES;
				CLANG_WARN_SUSPICIOUS_MOVE = YES;
				CLANG_WARN_UNGUARDED_AVAILABILITY = YES_AGGRESSIVE;
				CLANG_WARN_UNREACHABLE_CODE = YES;
				CLANG_WARN__DUPLICATE_METHOD_MATCH = YES;
				COPY_PHASE_STRIP = NO;
				DEBUG_INFORMATION_FORMAT = "dwarf-with-dsym";
				ENABLE_NS_ASSERTIONS = NO;
				ENABLE_STRICT_OBJC_MSGSEND = YES;
				ENABLE_USER_SCRIPT_SANDBOXING = YES;
				GCC_C_LANGUAGE_STANDARD = gnu17;
				GCC_NO_COMMON_BLOCKS = YES;
				GCC_WARN_64_TO_32_BIT_CONVERSION = YES;
				GCC_WARN_ABOUT_RETURN_TYPE = YES_ERROR;
				GCC_WARN_UNDECLARED_SELECTOR = YES;
				GCC_WARN_UNINITIALIZED_AUTOS = YES_AGGRESSIVE;
				GCC_WARN_UNUSED_FUNCTION = YES;
				GCC_WARN_UNUSED_VARIABLE = YES;
				IPHONEOS_DEPLOYMENT_TARGET = 18.2;
				LOCALIZATION_PREFERS_STRING_CATALOGS = YES;
				MTL_ENABLE_DEBUG_INFO = NO;
				MTL_FAST_MATH = YES;
				SDKROOT = iphoneos;
				SWIFT_COMPILATION_MODE = wholemodule;
				VALIDATE_PRODUCT = YES;
			};
			name = Release;
		};
		C668A95D2E1BBD2C00E230C5 /* Debug */ = {
			isa = XCBuildConfiguration;
			buildSettings = {
				ASSETCATALOG_COMPILER_APPICON_NAME = AppIcon;
				ASSETCATALOG_COMPILER_GLOBAL_ACCENT_COLOR_NAME = AccentColor;
				CODE_SIGN_STYLE = Automatic;
				CURRENT_PROJECT_VERSION = 1;
				DEVELOPMENT_ASSET_PATHS = "\"Chatora/Preview Content\"";
				ENABLE_PREVIEWS = YES;
				GENERATE_INFOPLIST_FILE = YES;
				INFOPLIST_KEY_CFBundleDisplayName = Conversa;
				INFOPLIST_KEY_UIApplicationSceneManifest_Generation = YES;
				INFOPLIST_KEY_UIApplicationSupportsIndirectInputEvents = YES;
				INFOPLIST_KEY_UILaunchScreen_Generation = YES;
				INFOPLIST_KEY_UIRequiresFullScreen = YES;
				INFOPLIST_KEY_UISupportedInterfaceOrientations = "UIInterfaceOrientationLandscapeLeft UIInterfaceOrientationLandscapeRight UIInterfaceOrientationPortrait UIInterfaceOrientationPortraitUpsideDown";
				LD_RUNPATH_SEARCH_PATHS = (
					"$(inherited)",
					"@executable_path/Frameworks",
				);
				MARKETING_VERSION = 1.0;
				PRODUCT_BUNDLE_IDENTIFIER = iOSProject.Chatora;
				PRODUCT_NAME = "$(TARGET_NAME)";
				SWIFT_EMIT_LOC_STRINGS = YES;
				SWIFT_VERSION = 5.0;
				TARGETED_DEVICE_FAMILY = "1,2";
			};
			name = Debug;
		};
		C668A95E2E1BBD2C00E230C5 /* Release */ = {
			isa = XCBuildConfiguration;
			buildSettings = {
				ASSETCATALOG_COMPILER_APPICON_NAME = AppIcon;
				ASSETCATALOG_COMPILER_GLOBAL_ACCENT_COLOR_NAME = AccentColor;
				CODE_SIGN_STYLE = Automatic;
				CURRENT_PROJECT_VERSION = 1;
				DEVELOPMENT_ASSET_PATHS = "\"Chatora/Preview Content\"";
				ENABLE_PREVIEWS = YES;
				GENERATE_INFOPLIST_FILE = YES;
				INFOPLIST_KEY_CFBundleDisplayName = Conversa;
				INFOPLIST_KEY_UIApplicationSceneManifest_Generation = YES;
				INFOPLIST_KEY_UIApplicationSupportsIndirectInputEvents = YES;
				INFOPLIST_KEY_UILaunchScreen_Generation = YES;
				INFOPLIST_KEY_UIRequiresFullScreen = YES;
				INFOPLIST_KEY_UISupportedInterfaceOrientations = "UIInterfaceOrientationLandscapeLeft UIInterfaceOrientationLandscapeRight UIInterfaceOrientationPortrait UIInterfaceOrientationPortraitUpsideDown";
				LD_RUNPATH_SEARCH_PATHS = (
					"$(inherited)",
					"@executable_path/Frameworks",
				);
				MARKETING_VERSION = 1.0;
				PRODUCT_BUNDLE_IDENTIFIER = iOSProject.Chatora;
				PRODUCT_NAME = "$(TARGET_NAME)";
				SWIFT_EMIT_LOC_STRINGS = YES;
				SWIFT_VERSION = 5.0;
				TARGETED_DEVICE_FAMILY = "1,2";
			};
			name = Release;
		};
/* End XCBuildConfiguration section */

/* Begin XCConfigurationList section */
		C668A9492E1BBD2800E230C5 /* Build configuration list for PBXProject "Conversa" */ = {
			isa = XCConfigurationList;
			buildConfigurations = (
				C668A95A2E1BBD2C00E230C5 /* Debug */,
				C668A95B2E1BBD2C00E230C5 /* Release */,
			);
			defaultConfigurationIsVisible = 0;
			defaultConfigurationName = Release;
		};
		C668A95C2E1BBD2C00E230C5 /* Build configuration list for PBXNativeTarget "Conversa" */ = {
			isa = XCConfigurationList;
			buildConfigurations = (
				C668A95D2E1BBD2C00E230C5 /* Debug */,
				C668A95E2E1BBD2C00E230C5 /* Release */,
			);
			defaultConfigurationIsVisible = 0;
			defaultConfigurationName = Release;
		};
/* End XCConfigurationList section */

/* Begin XCRemoteSwiftPackageReference section */
		C6458E212E1CE42400B35B82 /* XCRemoteSwiftPackageReference "firebase-ios-sdk" */ = {
			isa = XCRemoteSwiftPackageReference;
			repositoryURL = "https://github.com/firebase/firebase-ios-sdk";
			requirement = {
				kind = upToNextMajorVersion;
				minimumVersion = 11.15.0;
			};
		};
/* End XCRemoteSwiftPackageReference section */

/* Begin XCSwiftPackageProductDependency section */
		C6458E222E1CE42400B35B82 /* FirebaseAuth */ = {
			isa = XCSwiftPackageProductDependency;
			package = C6458E212E1CE42400B35B82 /* XCRemoteSwiftPackageReference "firebase-ios-sdk" */;
			productName = FirebaseAuth;
		};
		C6458E242E1CE42400B35B82 /* FirebaseCore */ = {
			isa = XCSwiftPackageProductDependency;
			package = C6458E212E1CE42400B35B82 /* XCRemoteSwiftPackageReference "firebase-ios-sdk" */;
			productName = FirebaseCore;
		};
		C6458E262E1CE42400B35B82 /* FirebaseDatabase */ = {
			isa = XCSwiftPackageProductDependency;
			package = C6458E212E1CE42400B35B82 /* XCRemoteSwiftPackageReference "firebase-ios-sdk" */;
			productName = FirebaseDatabase;
		};
		C6458E282E1CE42400B35B82 /* FirebaseFirestore */ = {
			isa = XCSwiftPackageProductDependency;
			package = C6458E212E1CE42400B35B82 /* XCRemoteSwiftPackageReference "firebase-ios-sdk" */;
			productName = FirebaseFirestore;
		};
		C6458E2A2E1CE42400B35B82 /* FirebaseStorage */ = {
			isa = XCSwiftPackageProductDependency;
			package = C6458E212E1CE42400B35B82 /* XCRemoteSwiftPackageReference "firebase-ios-sdk" */;
			productName = FirebaseStorage;
		};
/* End XCSwiftPackageProductDependency section */
	};
	rootObject = C668A9462E1BBD2800E230C5 /* Project object */;
}
